
Microsoft Visual Studio Solution File, Format Version 12.00
# Visual Studio Version 17
VisualStudioVersion = 17.3.32901.215
MinimumVisualStudioVersion = 10.0.40219.1
Project("{9A19103F-16F7-4668-BE54-9A1E7A4F7556}") = "BankAppWinForm", "BankAppWinForm\BankAppWinForm.csproj", "{9F4E6E39-6065-442E-8A75-F30B2557C218}"
EndProject
Project("{9A19103F-16F7-4668-BE54-9A1E7A4F7556}") = "BankApp", "..\BankApp\BankApp.csproj", "{E877695F-260C-4BD2-9373-2C433C486646}"
EndProject
Project("{FAE04EC0-301F-11D3-BF4B-00C04F79EFBC}") = "BankAppUnitTest", "TestProject1\BankAppUnitTest.csproj", "{05B3E08A-6388-4594-8D45-6405E4E89DA2}"
EndProject
Global
	GlobalSection(SolutionConfigurationPlatforms) = preSolution
		Debug|Any CPU = Debug|Any CPU
		Release|Any CPU = Release|Any CPU
	EndGlobalSection
	GlobalSection(ProjectConfigurationPlatforms) = postSolution
		{9F4E6E39-6065-442E-8A75-F30B2557C218}.Debug|Any CPU.ActiveCfg = Debug|Any CPU
		{9F4E6E39-6065-442E-8A75-F30B2557C218}.Debug|Any CPU.Build.0 = Debug|Any CPU
		{9F4E6E39-6065-442E-8A75-F30B2557C218}.Release|Any CPU.ActiveCfg = Release|Any CPU
		{9F4E6E39-6065-442E-8A75-F30B2557C218}.Release|Any CPU.Build.0 = Release|Any CPU
		{E877695F-260C-4BD2-9373-2C433C486646}.Debug|Any CPU.ActiveCfg = Debug|Any CPU
		{E877695F-260C-4BD2-9373-2C433C486646}.Debug|Any CPU.Build.0 = Debug|Any CPU
		{E877695F-260C-4BD2-9373-2C433C486646}.Release|Any CPU.ActiveCfg = Release|Any CPU
		{E877695F-260C-4BD2-9373-2C433C486646}.Release|Any CPU.Build.0 = Release|Any CPU
		{05B3E08A-6388-4594-8D45-6405E4E89DA2}.Debug|Any CPU.ActiveCfg = Debug|Any CPU
		{05B3E08A-6388-4594-8D45-6405E4E89DA2}.Debug|Any CPU.Build.0 = Debug|Any CPU
		{05B3E08A-6388-4594-8D45-6405E4E89DA2}.Release|Any CPU.ActiveCfg = Release|Any CPU
		{05B3E08A-6388-4594-8D45-6405E4E89DA2}.Release|Any CPU.Build.0 = Release|Any CPU
	EndGlobalSection
	GlobalSection(SolutionProperties) = preSolution
		HideSolutionNode = FALSE
	EndGlobalSection
	GlobalSection(ExtensibilityGlobals) = postSolution
		SolutionGuid = {9C240AE6-DF37-4F58-93A1-BCFCD86250A4}
	EndGlobalSection
EndGlobal
